
Microsoft Visual Studio Solution File, Format Version 12.00
# Visual Studio Version 16
VisualStudioVersion = 16.0.32630.194
MinimumVisualStudioVersion = 10.0.40219.1
Project("{9A19103F-16F7-4668-BE54-9A1E7A4F7556}") = "AWSLambdaDetectImageLabels", "AWSLambdaDetectImageLabels\AWSLambdaDetectImageLabels.csproj", "{135D1C98-C22A-4F63-AE4A-B404E5453F3A}"
EndProject
Project("{9A19103F-16F7-4668-BE54-9A1E7A4F7556}") = "AWSLambdaDetectImageLabels.Tests", "AWSLambdaDetectImageLabels.Tests\AWSLambdaDetectImageLabels.Tests.csproj", "{65FEB9BE-65A3-4815-8664-ACF2F0C6B8E6}"
EndProject
Global
	GlobalSection(SolutionConfigurationPlatforms) = preSolution
		Debug|Any CPU = Debug|Any CPU
		Release|Any CPU = Release|Any CPU
	EndGlobalSection
	GlobalSection(ProjectConfigurationPlatforms) = postSolution
		{135D1C98-C22A-4F63-AE4A-B404E5453F3A}.Debug|Any CPU.ActiveCfg = Debug|Any CPU
		{135D1C98-C22A-4F63-AE4A-B404E5453F3A}.Debug|Any CPU.Build.0 = Debug|Any CPU
		{135D1C98-C22A-4F63-AE4A-B404E5453F3A}.Release|Any CPU.ActiveCfg = Release|Any CPU
		{135D1C98-C22A-4F63-AE4A-B404E5453F3A}.Release|Any CPU.Build.0 = Release|Any CPU
		{65FEB9BE-65A3-4815-8664-ACF2F0C6B8E6}.Debug|Any CPU.ActiveCfg = Debug|Any CPU
		{65FEB9BE-65A3-4815-8664-ACF2F0C6B8E6}.Debug|Any CPU.Build.0 = Debug|Any CPU
		{65FEB9BE-65A3-4815-8664-ACF2F0C6B8E6}.Release|Any CPU.ActiveCfg = Release|Any CPU
		{65FEB9BE-65A3-4815-8664-ACF2F0C6B8E6}.Release|Any CPU.Build.0 = Release|Any CPU
	EndGlobalSection
	GlobalSection(SolutionProperties) = preSolution
		HideSolutionNode = FALSE
	EndGlobalSection
	GlobalSection(ExtensibilityGlobals) = postSolution
		SolutionGuid = {1C0A50B3-6169-4657-AC25-7ACDB6FBE40D}
	EndGlobalSection
EndGlobal
